// !$*UTF8*$!
{
	archiveVersion = 1;
	classes = {
	};
	objectVersion = 52;
	objects = {

/* Begin PBXBuildFile section */
		B991FEDC235CCA1A00021686 /* ButtonCollectionView.m in Sources */ = {isa = PBXBuildFile; fileRef = B991FEDB235CCA1A00021686 /* ButtonCollectionView.m */; };
		B991FEDF235CCDA600021686 /* ButtonCollectionViewCell.m in Sources */ = {isa = PBXBuildFile; fileRef = B991FEDE235CCDA600021686 /* ButtonCollectionViewCell.m */; };
		B992E5142371827F00167CEA /* UIButton+Value.m in Sources */ = {isa = PBXBuildFile; fileRef = B992E5132371827F00167CEA /* UIButton+Value.m */; };
		B99AA86523548A8400274D3D /* ScaleSliderScrollView.m in Sources */ = {isa = PBXBuildFile; fileRef = B99AA86423548A8400274D3D /* ScaleSliderScrollView.m */; };
		B99AA8682354E12500274D3D /* CameraControls.m in Sources */ = {isa = PBXBuildFile; fileRef = B99AA8672354E12500274D3D /* CameraControls.m */; };
		B9AE5A7A2360781500E2EB57 /* UIScrollView+Value.m in Sources */ = {isa = PBXBuildFile; fileRef = B9AE5A792360781500E2EB57 /* UIScrollView+Value.m */; };
		B9D12BA1235402F30017DD25 /* AppDelegate.m in Sources */ = {isa = PBXBuildFile; fileRef = B9D12BA0235402F30017DD25 /* AppDelegate.m */; };
		B9D12BA4235402F30017DD25 /* SceneDelegate.m in Sources */ = {isa = PBXBuildFile; fileRef = B9D12BA3235402F30017DD25 /* SceneDelegate.m */; };
		B9D12BAA235402F30017DD25 /* Main.storyboard in Resources */ = {isa = PBXBuildFile; fileRef = B9D12BA8235402F30017DD25 /* Main.storyboard */; };
		B9D12BAC235402F40017DD25 /* Assets.xcassets in Resources */ = {isa = PBXBuildFile; fileRef = B9D12BAB235402F40017DD25 /* Assets.xcassets */; };
		B9D12BAF235402F40017DD25 /* LaunchScreen.storyboard in Resources */ = {isa = PBXBuildFile; fileRef = B9D12BAD235402F40017DD25 /* LaunchScreen.storyboard */; };
		B9D12BB2235402F40017DD25 /* main.m in Sources */ = {isa = PBXBuildFile; fileRef = B9D12BB1235402F40017DD25 /* main.m */; };
		B9D12BCE235403C60017DD25 /* CameraView.m in Sources */ = {isa = PBXBuildFile; fileRef = B9D12BBD235403C50017DD25 /* CameraView.m */; };
		B9D12BD2235403C60017DD25 /* ScaleSliderControlView.m in Sources */ = {isa = PBXBuildFile; fileRef = B9D12BC5235403C50017DD25 /* ScaleSliderControlView.m */; };
		B9D12BD5235403C60017DD25 /* CameraViewController.m in Sources */ = {isa = PBXBuildFile; fileRef = B9D12BC9235403C60017DD25 /* CameraViewController.m */; };
		B9DE3DA623590F6E0014DB4A /* IB.xml snippet in Resources */ = {isa = PBXBuildFile; fileRef = B9DE3DA523590F6E0014DB4A /* IB.xml snippet */; };
/* End PBXBuildFile section */

/* Begin PBXFileReference section */
		B991FEDA235CCA1A00021686 /* ButtonCollectionView.h */ = {isa = PBXFileReference; lastKnownFileType = sourcecode.c.h; path = ButtonCollectionView.h; sourceTree = "<group>"; };
		B991FEDB235CCA1A00021686 /* ButtonCollectionView.m */ = {isa = PBXFileReference; lastKnownFileType = sourcecode.c.objc; path = ButtonCollectionView.m; sourceTree = "<group>"; };
		B991FEDD235CCDA600021686 /* ButtonCollectionViewCell.h */ = {isa = PBXFileReference; lastKnownFileType = sourcecode.c.h; path = ButtonCollectionViewCell.h; sourceTree = "<group>"; };
		B991FEDE235CCDA600021686 /* ButtonCollectionViewCell.m */ = {isa = PBXFileReference; lastKnownFileType = sourcecode.c.objc; path = ButtonCollectionViewCell.m; sourceTree = "<group>"; };
		B992E5122371827F00167CEA /* UIButton+Value.h */ = {isa = PBXFileReference; lastKnownFileType = sourcecode.c.h; path = "UIButton+Value.h"; sourceTree = "<group>"; };
		B992E5132371827F00167CEA /* UIButton+Value.m */ = {isa = PBXFileReference; lastKnownFileType = sourcecode.c.objc; path = "UIButton+Value.m"; sourceTree = "<group>"; };
		B99AA86323548A8400274D3D /* ScaleSliderScrollView.h */ = {isa = PBXFileReference; lastKnownFileType = sourcecode.c.h; path = ScaleSliderScrollView.h; sourceTree = "<group>"; };
		B99AA86423548A8400274D3D /* ScaleSliderScrollView.m */ = {isa = PBXFileReference; lastKnownFileType = sourcecode.c.objc; path = ScaleSliderScrollView.m; sourceTree = "<group>"; };
		B99AA8662354E12500274D3D /* CameraControls.h */ = {isa = PBXFileReference; lastKnownFileType = sourcecode.c.h; path = CameraControls.h; sourceTree = "<group>"; };
		B99AA8672354E12500274D3D /* CameraControls.m */ = {isa = PBXFileReference; lastKnownFileType = sourcecode.c.objc; path = CameraControls.m; sourceTree = "<group>"; };
		B9AE5A782360781500E2EB57 /* UIScrollView+Value.h */ = {isa = PBXFileReference; lastKnownFileType = sourcecode.c.h; path = "UIScrollView+Value.h"; sourceTree = "<group>"; };
		B9AE5A792360781500E2EB57 /* UIScrollView+Value.m */ = {isa = PBXFileReference; lastKnownFileType = sourcecode.c.objc; path = "UIScrollView+Value.m"; sourceTree = "<group>"; };
		B9D12B9C235402F30017DD25 /* ISOCameraLDE-D.app */ = {isa = PBXFileReference; explicitFileType = wrapper.application; includeInIndex = 0; path = "ISOCameraLDE-D.app"; sourceTree = BUILT_PRODUCTS_DIR; };
		B9D12B9F235402F30017DD25 /* AppDelegate.h */ = {isa = PBXFileReference; lastKnownFileType = sourcecode.c.h; path = AppDelegate.h; sourceTree = "<group>"; };
		B9D12BA0235402F30017DD25 /* AppDelegate.m */ = {isa = PBXFileReference; lastKnownFileType = sourcecode.c.objc; path = AppDelegate.m; sourceTree = "<group>"; };
		B9D12BA2235402F30017DD25 /* SceneDelegate.h */ = {isa = PBXFileReference; lastKnownFileType = sourcecode.c.h; path = SceneDelegate.h; sourceTree = "<group>"; };
		B9D12BA3235402F30017DD25 /* SceneDelegate.m */ = {isa = PBXFileReference; lastKnownFileType = sourcecode.c.objc; path = SceneDelegate.m; sourceTree = "<group>"; };
		B9D12BA9235402F30017DD25 /* Base */ = {isa = PBXFileReference; lastKnownFileType = file.storyboard; name = Base; path = Base.lproj/Main.storyboard; sourceTree = "<group>"; };
		B9D12BAB235402F40017DD25 /* Assets.xcassets */ = {isa = PBXFileReference; lastKnownFileType = folder.assetcatalog; path = Assets.xcassets; sourceTree = "<group>"; };
		B9D12BAE235402F40017DD25 /* Base */ = {isa = PBXFileReference; lastKnownFileType = file.storyboard; name = Base; path = Base.lproj/LaunchScreen.storyboard; sourceTree = "<group>"; };
		B9D12BB0235402F40017DD25 /* Info.plist */ = {isa = PBXFileReference; lastKnownFileType = text.plist.xml; path = Info.plist; sourceTree = "<group>"; };
		B9D12BB1235402F40017DD25 /* main.m */ = {isa = PBXFileReference; lastKnownFileType = sourcecode.c.objc; path = main.m; sourceTree = "<group>"; };
		B9D12BBD235403C50017DD25 /* CameraView.m */ = {isa = PBXFileReference; fileEncoding = 4; lastKnownFileType = sourcecode.c.objc; path = CameraView.m; sourceTree = "<group>"; };
		B9D12BC1235403C50017DD25 /* ScaleSliderControlView.h */ = {isa = PBXFileReference; fileEncoding = 4; lastKnownFileType = sourcecode.c.h; path = ScaleSliderControlView.h; sourceTree = "<group>"; };
		B9D12BC3235403C50017DD25 /* CameraView.h */ = {isa = PBXFileReference; fileEncoding = 4; lastKnownFileType = sourcecode.c.h; path = CameraView.h; sourceTree = "<group>"; };
		B9D12BC5235403C50017DD25 /* ScaleSliderControlView.m */ = {isa = PBXFileReference; fileEncoding = 4; lastKnownFileType = sourcecode.c.objc; path = ScaleSliderControlView.m; sourceTree = "<group>"; };
		B9D12BC9235403C60017DD25 /* CameraViewController.m */ = {isa = PBXFileReference; fileEncoding = 4; lastKnownFileType = sourcecode.c.objc; path = CameraViewController.m; sourceTree = "<group>"; wrapsLines = 0; };
		B9D12BCB235403C60017DD25 /* CameraViewController.h */ = {isa = PBXFileReference; fileEncoding = 4; lastKnownFileType = sourcecode.c.h; path = CameraViewController.h; sourceTree = "<group>"; };
		B9DE3DA523590F6E0014DB4A /* IB.xml snippet */ = {isa = PBXFileReference; explicitFileType = net.daringfireball.markdown; path = "IB.xml snippet"; sourceTree = "<group>"; };
/* End PBXFileReference section */

/* Begin PBXFrameworksBuildPhase section */
		B9D12B99235402F30017DD25 /* Frameworks */ = {
			isa = PBXFrameworksBuildPhase;
			buildActionMask = 2147483647;
			files = (
			);
			runOnlyForDeploymentPostprocessing = 0;
		};
/* End PBXFrameworksBuildPhase section */

/* Begin PBXGroup section */
		B991FEEA235E75AA00021686 /* Stationary Slider View */ = {
			isa = PBXGroup;
			children = (
				B99AA86323548A8400274D3D /* ScaleSliderScrollView.h */,
				B99AA86423548A8400274D3D /* ScaleSliderScrollView.m */,
				B9AE5A782360781500E2EB57 /* UIScrollView+Value.h */,
				B9AE5A792360781500E2EB57 /* UIScrollView+Value.m */,
			);
			path = "Stationary Slider View";
			sourceTree = "<group>";
		};
		B9D12B93235402F30017DD25 = {
			isa = PBXGroup;
			children = (
				B9D12B9E235402F30017DD25 /* ISOCameraLDE-D */,
				B9D12B9D235402F30017DD25 /* Products */,
			);
			sourceTree = "<group>";
			wrapsLines = 0;
		};
		B9D12B9D235402F30017DD25 /* Products */ = {
			isa = PBXGroup;
			children = (
				B9D12B9C235402F30017DD25 /* ISOCameraLDE-D.app */,
			);
			name = Products;
			sourceTree = "<group>";
		};
		B9D12B9E235402F30017DD25 /* ISOCameraLDE-D */ = {
			isa = PBXGroup;
			children = (
				B9D12B9F235402F30017DD25 /* AppDelegate.h */,
				B9D12BA0235402F30017DD25 /* AppDelegate.m */,
				B9D12BA2235402F30017DD25 /* SceneDelegate.h */,
				B9D12BA3235402F30017DD25 /* SceneDelegate.m */,
				B9D12BCB235403C60017DD25 /* CameraViewController.h */,
				B9D12BC9235403C60017DD25 /* CameraViewController.m */,
				B991FEDA235CCA1A00021686 /* ButtonCollectionView.h */,
				B991FEDB235CCA1A00021686 /* ButtonCollectionView.m */,
				B991FEDD235CCDA600021686 /* ButtonCollectionViewCell.h */,
				B991FEDE235CCDA600021686 /* ButtonCollectionViewCell.m */,
				B9D12BC3235403C50017DD25 /* CameraView.h */,
				B9D12BBD235403C50017DD25 /* CameraView.m */,
				B99AA8662354E12500274D3D /* CameraControls.h */,
				B99AA8672354E12500274D3D /* CameraControls.m */,
				B992E5122371827F00167CEA /* UIButton+Value.h */,
				B992E5132371827F00167CEA /* UIButton+Value.m */,
				B9D12BC1235403C50017DD25 /* ScaleSliderControlView.h */,
				B9D12BC5235403C50017DD25 /* ScaleSliderControlView.m */,
				B991FEEA235E75AA00021686 /* Stationary Slider View */,
				B9D12BB1235402F40017DD25 /* main.m */,
				B9DE3DA523590F6E0014DB4A /* IB.xml snippet */,
				B9D12BA8235402F30017DD25 /* Main.storyboard */,
				B9D12BAB235402F40017DD25 /* Assets.xcassets */,
				B9D12BAD235402F40017DD25 /* LaunchScreen.storyboard */,
				B9D12BB0235402F40017DD25 /* Info.plist */,
			);
			path = "ISOCameraLDE-D";
			sourceTree = "<group>";
		};
/* End PBXGroup section */

/* Begin PBXNativeTarget section */
		B9D12B9B235402F30017DD25 /* ISOCameraLDE-D */ = {
			isa = PBXNativeTarget;
			buildConfigurationList = B9D12BB5235402F40017DD25 /* Build configuration list for PBXNativeTarget "ISOCameraLDE-D" */;
			buildPhases = (
				B9D12B98235402F30017DD25 /* Sources */,
				B9D12B99235402F30017DD25 /* Frameworks */,
				B9D12B9A235402F30017DD25 /* Resources */,
			);
			buildRules = (
			);
			dependencies = (
			);
			name = "ISOCameraLDE-D";
			productName = "ISOCameraLDE-D";
			productReference = B9D12B9C235402F30017DD25 /* ISOCameraLDE-D.app */;
			productType = "com.apple.product-type.application";
		};
/* End PBXNativeTarget section */

/* Begin PBXProject section */
		B9D12B94235402F30017DD25 /* Project object */ = {
			isa = PBXProject;
			attributes = {
				LastUpgradeCheck = 1120;
				ORGANIZATIONNAME = "The Life of a Demoniac";
				TargetAttributes = {
					B9D12B9B235402F30017DD25 = {
						CreatedOnToolsVersion = 11.2;
					};
				};
			};
			buildConfigurationList = B9D12B97235402F30017DD25 /* Build configuration list for PBXProject "ISOCameraLDE-D" */;
			compatibilityVersion = "Xcode 11.0";
			developmentRegion = en;
			hasScannedForEncodings = 0;
			knownRegions = (
				en,
				Base,
			);
			mainGroup = B9D12B93235402F30017DD25;
			productRefGroup = B9D12B9D235402F30017DD25 /* Products */;
			projectDirPath = "";
			projectRoot = "";
			targets = (
				B9D12B9B235402F30017DD25 /* ISOCameraLDE-D */,
			);
		};
/* End PBXProject section */

/* Begin PBXResourcesBuildPhase section */
		B9D12B9A235402F30017DD25 /* Resources */ = {
			isa = PBXResourcesBuildPhase;
			buildActionMask = 2147483647;
			files = (
				B9D12BAF235402F40017DD25 /* LaunchScreen.storyboard in Resources */,
				B9D12BAC235402F40017DD25 /* Assets.xcassets in Resources */,
				B9D12BAA235402F30017DD25 /* Main.storyboard in Resources */,
				B9DE3DA623590F6E0014DB4A /* IB.xml snippet in Resources */,
			);
			runOnlyForDeploymentPostprocessing = 0;
		};
/* End PBXResourcesBuildPhase section */

/* Begin PBXSourcesBuildPhase section */
		B9D12B98235402F30017DD25 /* Sources */ = {
			isa = PBXSourcesBuildPhase;
			buildActionMask = 2147483647;
			files = (
				B991FEDC235CCA1A00021686 /* ButtonCollectionView.m in Sources */,
				B9D12BCE235403C60017DD25 /* CameraView.m in Sources */,
				B9D12BD5235403C60017DD25 /* CameraViewController.m in Sources */,
				B9AE5A7A2360781500E2EB57 /* UIScrollView+Value.m in Sources */,
				B99AA8682354E12500274D3D /* CameraControls.m in Sources */,
				B992E5142371827F00167CEA /* UIButton+Value.m in Sources */,
				B9D12BD2235403C60017DD25 /* ScaleSliderControlView.m in Sources */,
				B9D12BA1235402F30017DD25 /* AppDelegate.m in Sources */,
				B991FEDF235CCDA600021686 /* ButtonCollectionViewCell.m in Sources */,
				B99AA86523548A8400274D3D /* ScaleSliderScrollView.m in Sources */,
				B9D12BB2235402F40017DD25 /* main.m in Sources */,
				B9D12BA4235402F30017DD25 /* SceneDelegate.m in Sources */,
			);
			runOnlyForDeploymentPostprocessing = 0;
		};
/* End PBXSourcesBuildPhase section */

/* Begin PBXVariantGroup section */
		B9D12BA8235402F30017DD25 /* Main.storyboard */ = {
			isa = PBXVariantGroup;
			children = (
				B9D12BA9235402F30017DD25 /* Base */,
			);
			name = Main.storyboard;
			sourceTree = "<group>";
		};
		B9D12BAD235402F40017DD25 /* LaunchScreen.storyboard */ = {
			isa = PBXVariantGroup;
			children = (
				B9D12BAE235402F40017DD25 /* Base */,
			);
			name = LaunchScreen.storyboard;
			sourceTree = "<group>";
		};
/* End PBXVariantGroup section */

/* Begin XCBuildConfiguration section */
		B9D12BB3235402F40017DD25 /* Debug */ = {
			isa = XCBuildConfiguration;
			buildSettings = {
				ALWAYS_SEARCH_USER_PATHS = NO;
				CLANG_ANALYZER_NONNULL = YES;
				CLANG_ANALYZER_NUMBER_OBJECT_CONVERSION = YES_AGGRESSIVE;
				CLANG_CXX_LANGUAGE_STANDARD = "gnu++14";
				CLANG_CXX_LIBRARY = "libc++";
				CLANG_ENABLE_MODULES = YES;
				CLANG_ENABLE_OBJC_ARC = YES;
				CLANG_ENABLE_OBJC_WEAK = YES;
				CLANG_WARN_BLOCK_CAPTURE_AUTORELEASING = YES;
				CLANG_WARN_BOOL_CONVERSION = YES;
				CLANG_WARN_COMMA = YES;
				CLANG_WARN_CONSTANT_CONVERSION = YES;
				CLANG_WARN_DEPRECATED_OBJC_IMPLEMENTATIONS = YES;
				CLANG_WARN_DIRECT_OBJC_ISA_USAGE = YES_ERROR;
				CLANG_WARN_DOCUMENTATION_COMMENTS = YES;
				CLANG_WARN_EMPTY_BODY = YES;
				CLANG_WARN_ENUM_CONVERSION = YES;
				CLANG_WARN_INFINITE_RECURSION = YES;
				CLANG_WARN_INT_CONVERSION = YES;
				CLANG_WARN_NON_LITERAL_NULL_CONVERSION = YES;
				CLANG_WARN_OBJC_IMPLICIT_RETAIN_SELF = YES;
				CLANG_WARN_OBJC_LITERAL_CONVERSION = YES;
				CLANG_WARN_OBJC_ROOT_CLASS = YES_ERROR;
				CLANG_WARN_RANGE_LOOP_ANALYSIS = YES;
				CLANG_WARN_STRICT_PROTOTYPES = YES;
				CLANG_WARN_SUSPICIOUS_MOVE = YES;
				CLANG_WARN_UNGUARDED_AVAILABILITY = YES_AGGRESSIVE;
				CLANG_WARN_UNREACHABLE_CODE = YES;
				CLANG_WARN__DUPLICATE_METHOD_MATCH = YES;
				COPY_PHASE_STRIP = NO;
				DEBUG_INFORMATION_FORMAT = dwarf;
				ENABLE_STRICT_OBJC_MSGSEND = YES;
				ENABLE_TESTABILITY = YES;
				GCC_C_LANGUAGE_STANDARD = gnu11;
				GCC_DYNAMIC_NO_PIC = NO;
				GCC_NO_COMMON_BLOCKS = YES;
				GCC_OPTIMIZATION_LEVEL = 0;
				GCC_PREPROCESSOR_DEFINITIONS = (
					"DEBUG=1",
					"$(inherited)",
				);
				GCC_WARN_64_TO_32_BIT_CONVERSION = YES;
				GCC_WARN_ABOUT_RETURN_TYPE = YES_ERROR;
				GCC_WARN_UNDECLARED_SELECTOR = YES;
				GCC_WARN_UNINITIALIZED_AUTOS = YES_AGGRESSIVE;
				GCC_WARN_UNUSED_FUNCTION = YES;
				GCC_WARN_UNUSED_VARIABLE = YES;
				IPHONEOS_DEPLOYMENT_TARGET = 13.0;
				MTL_ENABLE_DEBUG_INFO = INCLUDE_SOURCE;
				MTL_FAST_MATH = YES;
				ONLY_ACTIVE_ARCH = YES;
				SDKROOT = iphoneos;
			};
			name = Debug;
		};
		B9D12BB4235402F40017DD25 /* Release */ = {
			isa = XCBuildConfiguration;
			buildSettings = {
				ALWAYS_SEARCH_USER_PATHS = NO;
				CLANG_ANALYZER_NONNULL = YES;
				CLANG_ANALYZER_NUMBER_OBJECT_CONVERSION = YES_AGGRESSIVE;
				CLANG_CXX_LANGUAGE_STANDARD = "gnu++14";
				CLANG_CXX_LIBRARY = "libc++";
				CLANG_ENABLE_MODULES = YES;
				CLANG_ENABLE_OBJC_ARC = YES;
				CLANG_ENABLE_OBJC_WEAK = YES;
				CLANG_WARN_BLOCK_CAPTURE_AUTORELEASING = YES;
				CLANG_WARN_BOOL_CONVERSION = YES;
				CLANG_WARN_COMMA = YES;
				CLANG_WARN_CONSTANT_CONVERSION = YES;
				CLANG_WARN_DEPRECATED_OBJC_IMPLEMENTATIONS = YES;
				CLANG_WARN_DIRECT_OBJC_ISA_USAGE = YES_ERROR;
				CLANG_WARN_DOCUMENTATION_COMMENTS = YES;
				CLANG_WARN_EMPTY_BODY = YES;
				CLANG_WARN_ENUM_CONVERSION = YES;
				CLANG_WARN_INFINITE_RECURSION = YES;
				CLANG_WARN_INT_CONVERSION = YES;
				CLANG_WARN_NON_LITERAL_NULL_CONVERSION = YES;
				CLANG_WARN_OBJC_IMPLICIT_RETAIN_SELF = YES;
				CLANG_WARN_OBJC_LITERAL_CONVERSION = YES;
				CLANG_WARN_OBJC_ROOT_CLASS = YES_ERROR;
				CLANG_WARN_RANGE_LOOP_ANALYSIS = YES;
				CLANG_WARN_STRICT_PROTOTYPES = YES;
				CLANG_WARN_SUSPICIOUS_MOVE = YES;
				CLANG_WARN_UNGUARDED_AVAILABILITY = YES_AGGRESSIVE;
				CLANG_WARN_UNREACHABLE_CODE = YES;
				CLANG_WARN__DUPLICATE_METHOD_MATCH = YES;
				COPY_PHASE_STRIP = NO;
				DEBUG_INFORMATION_FORMAT = "dwarf-with-dsym";
				ENABLE_NS_ASSERTIONS = NO;
				ENABLE_STRICT_OBJC_MSGSEND = YES;
				GCC_C_LANGUAGE_STANDARD = gnu11;
				GCC_NO_COMMON_BLOCKS = YES;
				GCC_WARN_64_TO_32_BIT_CONVERSION = YES;
				GCC_WARN_ABOUT_RETURN_TYPE = YES_ERROR;
				GCC_WARN_UNDECLARED_SELECTOR = YES;
				GCC_WARN_UNINITIALIZED_AUTOS = YES_AGGRESSIVE;
				GCC_WARN_UNUSED_FUNCTION = YES;
				GCC_WARN_UNUSED_VARIABLE = YES;
				IPHONEOS_DEPLOYMENT_TARGET = 13.0;
				MTL_ENABLE_DEBUG_INFO = NO;
				MTL_FAST_MATH = YES;
				SDKROOT = iphoneos;
				VALIDATE_PRODUCT = YES;
			};
			name = Release;
		};
		B9D12BB6235402F40017DD25 /* Debug */ = {
			isa = XCBuildConfiguration;
			buildSettings = {
				ASSETCATALOG_COMPILER_APPICON_NAME = AppIcon;
				CODE_SIGN_STYLE = Automatic;
				DEVELOPMENT_TEAM = N9987K9442;
				INFOPLIST_FILE = "ISOCameraLDE-D/Info.plist";
				IPHONEOS_DEPLOYMENT_TARGET = 13.0;
				LD_RUNPATH_SEARCH_PATHS = (
					"$(inherited)",
					"@executable_path/Frameworks",
				);
				PRODUCT_BUNDLE_IDENTIFIER = "com.blogspot.demonicactivity.bush.alan.james.ISOCameraLDE-D";
				PRODUCT_NAME = "$(TARGET_NAME)";
				TARGETED_DEVICE_FAMILY = 1;
			};
			name = Debug;
		};
		B9D12BB7235402F40017DD25 /* Release */ = {
			isa = XCBuildConfiguration;
			buildSettings = {
				ASSETCATALOG_COMPILER_APPICON_NAME = AppIcon;
				CODE_SIGN_STYLE = Automatic;
				DEVELOPMENT_TEAM = N9987K9442;
				INFOPLIST_FILE = "ISOCameraLDE-D/Info.plist";
				IPHONEOS_DEPLOYMENT_TARGET = 13.0;
				LD_RUNPATH_SEARCH_PATHS = (
					"$(inherited)",
					"@executable_path/Frameworks",
				);
				PRODUCT_BUNDLE_IDENTIFIER = "com.blogspot.demonicactivity.bush.alan.james.ISOCameraLDE-D";
				PRODUCT_NAME = "$(TARGET_NAME)";
				TARGETED_DEVICE_FAMILY = 1;
			};
			name = Release;
		};
/* End XCBuildConfiguration section */

/* Begin XCConfigurationList section */
		B9D12B97235402F30017DD25 /* Build configuration list for PBXProject "ISOCameraLDE-D" */ = {
			isa = XCConfigurationList;
			buildConfigurations = (
				B9D12BB3235402F40017DD25 /* Debug */,
				B9D12BB4235402F40017DD25 /* Release */,
			);
			defaultConfigurationIsVisible = 0;
			defaultConfigurationName = Release;
		};
		B9D12BB5235402F40017DD25 /* Build configuration list for PBXNativeTarget "ISOCameraLDE-D" */ = {
			isa = XCConfigurationList;
			buildConfigurations = (
				B9D12BB6235402F40017DD25 /* Debug */,
				B9D12BB7235402F40017DD25 /* Release */,
			);
			defaultConfigurationIsVisible = 0;
			defaultConfigurationName = Release;
		};
/* End XCConfigurationList section */
	};
	rootObject = B9D12B94235402F30017DD25 /* Project object */;
}
